
Microsoft Visual Studio Solution File, Format Version 12.00
# 17
VisualStudioVersion = 17.0.31903.59
MinimumVisualStudioVersion = 10.0.40219.1
Project("{9A19103F-16F7-4668-BE54-9A1E7A4F7556}") = "Lib1", "src\Lib1\Lib1.csproj", "{8B23D078-FA8F-493A-ABA5-25C3EA6A65CF}"
EndProject
Project("{9A19103F-16F7-4668-BE54-9A1E7A4F7556}") = "Lib2", "src\Lib2\Lib2.csproj", "{476891BC-9324-44C0-A5A5-9614620C0AA8}"
EndProject
Project("{9A19103F-16F7-4668-BE54-9A1E7A4F7556}") = "Lib3", "src\Lib3\Lib3.csproj", "{EA85F014-E806-4841-A620-F5821EDFA56E}"
EndProject
Project("{9A19103F-16F7-4668-BE54-9A1E7A4F7556}") = "Service1", "src\Service1\Service1.csproj", "{76663B3D-B1F3-4FBB-8630-775AA0A5E91A}"
EndProject
Project("{9A19103F-16F7-4668-BE54-9A1E7A4F7556}") = "Service2", "src\Service2\Service2.csproj", "{6042CC48-E3A4-436B-828D-EAB17D613ADD}"
EndProject
Project("{9A19103F-16F7-4668-BE54-9A1E7A4F7556}") = "Service3", "src\Service3\Service3.csproj", "{85D2F6BE-6F7B-49C7-846A-0F819F56B980}"
EndProject
Project("{9A19103F-16F7-4668-BE54-9A1E7A4F7556}") = "Service4", "src\Service4\Service4.csproj", "{EF570EC7-327B-4AC5-A3DB-635A846D4503}"
EndProject
Project("{9A19103F-16F7-4668-BE54-9A1E7A4F7556}") = "Service5", "src\Service5\Service5.csproj", "{461740F9-582C-405A-A218-3DB384079B1A}"
EndProject
Global
	GlobalSection(SolutionConfigurationPlatforms) = preSolution
		Debug|Any CPU = Debug|Any CPU
		Release|Any CPU = Release|Any CPU
	EndGlobalSection
	GlobalSection(ProjectConfigurationPlatforms) = postSolution
		{8B23D078-FA8F-493A-ABA5-25C3EA6A65CF}.Debug|Any CPU.ActiveCfg = Debug|Any CPU
		{8B23D078-FA8F-493A-ABA5-25C3EA6A65CF}.Debug|Any CPU.Build.0 = Debug|Any CPU
		{8B23D078-FA8F-493A-ABA5-25C3EA6A65CF}.Release|Any CPU.ActiveCfg = Release|Any CPU
		{8B23D078-FA8F-493A-ABA5-25C3EA6A65CF}.Release|Any CPU.Build.0 = Release|Any CPU
		{476891BC-9324-44C0-A5A5-9614620C0AA8}.Debug|Any CPU.ActiveCfg = Debug|Any CPU
		{476891BC-9324-44C0-A5A5-9614620C0AA8}.Debug|Any CPU.Build.0 = Debug|Any CPU
		{476891BC-9324-44C0-A5A5-9614620C0AA8}.Release|Any CPU.ActiveCfg = Release|Any CPU
		{476891BC-9324-44C0-A5A5-9614620C0AA8}.Release|Any CPU.Build.0 = Release|Any CPU
		{EA85F014-E806-4841-A620-F5821EDFA56E}.Debug|Any CPU.ActiveCfg = Debug|Any CPU
		{EA85F014-E806-4841-A620-F5821EDFA56E}.Debug|Any CPU.Build.0 = Debug|Any CPU
		{EA85F014-E806-4841-A620-F5821EDFA56E}.Release|Any CPU.ActiveCfg = Release|Any CPU
		{EA85F014-E806-4841-A620-F5821EDFA56E}.Release|Any CPU.Build.0 = Release|Any CPU
		{76663B3D-B1F3-4FBB-8630-775AA0A5E91A}.Debug|Any CPU.ActiveCfg = Debug|Any CPU
		{76663B3D-B1F3-4FBB-8630-775AA0A5E91A}.Debug|Any CPU.Build.0 = Debug|Any CPU
		{76663B3D-B1F3-4FBB-8630-775AA0A5E91A}.Release|Any CPU.ActiveCfg = Release|Any CPU
		{76663B3D-B1F3-4FBB-8630-775AA0A5E91A}.Release|Any CPU.Build.0 = Release|Any CPU
		{6042CC48-E3A4-436B-828D-EAB17D613ADD}.Debug|Any CPU.ActiveCfg = Debug|Any CPU
		{6042CC48-E3A4-436B-828D-EAB17D613ADD}.Debug|Any CPU.Build.0 = Debug|Any CPU
		{6042CC48-E3A4-436B-828D-EAB17D613ADD}.Release|Any CPU.ActiveCfg = Release|Any CPU
		{6042CC48-E3A4-436B-828D-EAB17D613ADD}.Release|Any CPU.Build.0 = Release|Any CPU
		{85D2F6BE-6F7B-49C7-846A-0F819F56B980}.Debug|Any CPU.ActiveCfg = Debug|Any CPU
		{85D2F6BE-6F7B-49C7-846A-0F819F56B980}.Debug|Any CPU.Build.0 = Debug|Any CPU
		{85D2F6BE-6F7B-49C7-846A-0F819F56B980}.Release|Any CPU.ActiveCfg = Release|Any CPU
		{85D2F6BE-6F7B-49C7-846A-0F819F56B980}.Release|Any CPU.Build.0 = Release|Any CPU
		{EF570EC7-327B-4AC5-A3DB-635A846D4503}.Debug|Any CPU.ActiveCfg = Debug|Any CPU
		{EF570EC7-327B-4AC5-A3DB-635A846D4503}.Debug|Any CPU.Build.0 = Debug|Any CPU
		{EF570EC7-327B-4AC5-A3DB-635A846D4503}.Release|Any CPU.ActiveCfg = Release|Any CPU
		{EF570EC7-327B-4AC5-A3DB-635A846D4503}.Release|Any CPU.Build.0 = Release|Any CPU
		{461740F9-582C-405A-A218-3DB384079B1A}.Debug|Any CPU.ActiveCfg = Debug|Any CPU
		{461740F9-582C-405A-A218-3DB384079B1A}.Debug|Any CPU.Build.0 = Debug|Any CPU
		{461740F9-582C-405A-A218-3DB384079B1A}.Release|Any CPU.ActiveCfg = Release|Any CPU
		{461740F9-582C-405A-A218-3DB384079B1A}.Release|Any CPU.Build.0 = Release|Any CPU
	EndGlobalSection
	GlobalSection(SolutionProperties) = preSolution
		HideSolutionNode = FALSE
	EndGlobalSection
EndGlobal
